
Microsoft Visual Studio Solution File, Format Version 12.00
# Visual Studio Version 17
VisualStudioVersion = 17.7.34221.43
MinimumVisualStudioVersion = 10.0.40219.1
Project("{9A19103F-16F7-4668-BE54-9A1E7A4F7556}") = "001.TransportPrice", "001.TransportPrice\001.TransportPrice.csproj", "{8CDB8EC4-3E03-483B-8F5F-758BD534D5BC}"
EndProject
Project("{FAE04EC0-301F-11D3-BF4B-00C04F79EFBC}") = "002.PipesInPool", "002.PipesInPool\002.PipesInPool.csproj", "{7B2E37E8-F38B-4BCB-8534-91A49319942E}"
EndProject
Project("{FAE04EC0-301F-11D3-BF4B-00C04F79EFBC}") = "003.SleepyTomCat", "003.SleepyTomCat\003.SleepyTomCat.csproj", "{9CA7EA5F-18EF-4C68-ACFF-D3B48DBFE350}"
EndProject
Project("{FAE04EC0-301F-11D3-BF4B-00C04F79EFBC}") = "004.Harvest", "004.Harvest\004.Harvest.csproj", "{1C30D5E5-01DF-4366-A997-D20630D108C2}"
EndProject
Project("{FAE04EC0-301F-11D3-BF4B-00C04F79EFBC}") = "005.Firm", "005.Firm\005.Firm.csproj", "{8F9873F4-9FCE-4F4E-A394-619606EA2947}"
EndProject
Global
	GlobalSection(SolutionConfigurationPlatforms) = preSolution
		Debug|Any CPU = Debug|Any CPU
		Release|Any CPU = Release|Any CPU
	EndGlobalSection
	GlobalSection(ProjectConfigurationPlatforms) = postSolution
		{8CDB8EC4-3E03-483B-8F5F-758BD534D5BC}.Debug|Any CPU.ActiveCfg = Debug|Any CPU
		{8CDB8EC4-3E03-483B-8F5F-758BD534D5BC}.Debug|Any CPU.Build.0 = Debug|Any CPU
		{8CDB8EC4-3E03-483B-8F5F-758BD534D5BC}.Release|Any CPU.ActiveCfg = Release|Any CPU
		{8CDB8EC4-3E03-483B-8F5F-758BD534D5BC}.Release|Any CPU.Build.0 = Release|Any CPU
		{7B2E37E8-F38B-4BCB-8534-91A49319942E}.Debug|Any CPU.ActiveCfg = Debug|Any CPU
		{7B2E37E8-F38B-4BCB-8534-91A49319942E}.Debug|Any CPU.Build.0 = Debug|Any CPU
		{7B2E37E8-F38B-4BCB-8534-91A49319942E}.Release|Any CPU.ActiveCfg = Release|Any CPU
		{7B2E37E8-F38B-4BCB-8534-91A49319942E}.Release|Any CPU.Build.0 = Release|Any CPU
		{9CA7EA5F-18EF-4C68-ACFF-D3B48DBFE350}.Debug|Any CPU.ActiveCfg = Debug|Any CPU
		{9CA7EA5F-18EF-4C68-ACFF-D3B48DBFE350}.Debug|Any CPU.Build.0 = Debug|Any CPU
		{9CA7EA5F-18EF-4C68-ACFF-D3B48DBFE350}.Release|Any CPU.ActiveCfg = Release|Any CPU
		{9CA7EA5F-18EF-4C68-ACFF-D3B48DBFE350}.Release|Any CPU.Build.0 = Release|Any CPU
		{1C30D5E5-01DF-4366-A997-D20630D108C2}.Debug|Any CPU.ActiveCfg = Debug|Any CPU
		{1C30D5E5-01DF-4366-A997-D20630D108C2}.Debug|Any CPU.Build.0 = Debug|Any CPU
		{1C30D5E5-01DF-4366-A997-D20630D108C2}.Release|Any CPU.ActiveCfg = Release|Any CPU
		{1C30D5E5-01DF-4366-A997-D20630D108C2}.Release|Any CPU.Build.0 = Release|Any CPU
		{8F9873F4-9FCE-4F4E-A394-619606EA2947}.Debug|Any CPU.ActiveCfg = Debug|Any CPU
		{8F9873F4-9FCE-4F4E-A394-619606EA2947}.Debug|Any CPU.Build.0 = Debug|Any CPU
		{8F9873F4-9FCE-4F4E-A394-619606EA2947}.Release|Any CPU.ActiveCfg = Release|Any CPU
		{8F9873F4-9FCE-4F4E-A394-619606EA2947}.Release|Any CPU.Build.0 = Release|Any CPU
	EndGlobalSection
	GlobalSection(SolutionProperties) = preSolution
		HideSolutionNode = FALSE
	EndGlobalSection
	GlobalSection(ExtensibilityGlobals) = postSolution
		SolutionGuid = {F0ADCA44-3FD2-4250-9C0D-0626398EB0FB}
	EndGlobalSection
EndGlobal
